// !$*UTF8*$!
{
	archiveVersion = 1;
	classes = {
	};
	objectVersion = 46;
	objects = {

/* Begin PBXBuildFile section */
		305C870F1E6694B100C0EF4E /* AppDelegate.swift in Sources */ = {isa = PBXBuildFile; fileRef = 305C870E1E6694B100C0EF4E /* AppDelegate.swift */; };
		305C87111E6694B100C0EF4E /* ViewController.swift in Sources */ = {isa = PBXBuildFile; fileRef = 305C87101E6694B100C0EF4E /* ViewController.swift */; };
		305C87141E6694B100C0EF4E /* Main.storyboard in Resources */ = {isa = PBXBuildFile; fileRef = 305C87121E6694B100C0EF4E /* Main.storyboard */; };
		305C87161E6694B100C0EF4E /* Assets.xcassets in Resources */ = {isa = PBXBuildFile; fileRef = 305C87151E6694B100C0EF4E /* Assets.xcassets */; };
		305C87191E6694B100C0EF4E /* LaunchScreen.storyboard in Resources */ = {isa = PBXBuildFile; fileRef = 305C87171E6694B100C0EF4E /* LaunchScreen.storyboard */; };
		305C87241E6694B100C0EF4E /* Tip_CalculatorTests.swift in Sources */ = {isa = PBXBuildFile; fileRef = 305C87231E6694B100C0EF4E /* Tip_CalculatorTests.swift */; };
		305C872F1E6694B100C0EF4E /* Tip_CalculatorUITests.swift in Sources */ = {isa = PBXBuildFile; fileRef = 305C872E1E6694B100C0EF4E /* Tip_CalculatorUITests.swift */; };
/* End PBXBuildFile section */

/* Begin PBXContainerItemProxy section */
		305C87201E6694B100C0EF4E /* PBXContainerItemProxy */ = {
			isa = PBXContainerItemProxy;
			containerPortal = 305C87031E6694B100C0EF4E /* Project object */;
			proxyType = 1;
			remoteGlobalIDString = 305C870A1E6694B100C0EF4E;
			remoteInfo = "Tip Calculator";
		};
		305C872B1E6694B100C0EF4E /* PBXContainerItemProxy */ = {
			isa = PBXContainerItemProxy;
			containerPortal = 305C87031E6694B100C0EF4E /* Project object */;
			proxyType = 1;
			remoteGlobalIDString = 305C870A1E6694B100C0EF4E;
			remoteInfo = "Tip Calculator";
		};
/* End PBXContainerItemProxy section */

/* Begin PBXFileReference section */
		305C870B1E6694B100C0EF4E /* Tip Calculator.app */ = {isa = PBXFileReference; explicitFileType = wrapper.application; includeInIndex = 0; path = "Tip Calculator.app"; sourceTree = BUILT_PRODUCTS_DIR; };
		305C870E1E6694B100C0EF4E /* AppDelegate.swift */ = {isa = PBXFileReference; lastKnownFileType = sourcecode.swift; path = AppDelegate.swift; sourceTree = "<group>"; };
		305C87101E6694B100C0EF4E /* ViewController.swift */ = {isa = PBXFileReference; lastKnownFileType = sourcecode.swift; path = ViewController.swift; sourceTree = "<group>"; };
		305C87131E6694B100C0EF4E /* Base */ = {isa = PBXFileReference; lastKnownFileType = file.storyboard; name = Base; path = Base.lproj/Main.storyboard; sourceTree = "<group>"; };
		305C87151E6694B100C0EF4E /* Assets.xcassets */ = {isa = PBXFileReference; lastKnownFileType = folder.assetcatalog; path = Assets.xcassets; sourceTree = "<group>"; };
		305C87181E6694B100C0EF4E /* Base */ = {isa = PBXFileReference; lastKnownFileType = file.storyboard; name = Base; path = Base.lproj/LaunchScreen.storyboard; sourceTree = "<group>"; };
		305C871A1E6694B100C0EF4E /* Info.plist */ = {isa = PBXFileReference; lastKnownFileType = text.plist.xml; path = Info.plist; sourceTree = "<group>"; };
		305C871F1E6694B100C0EF4E /* Tip CalculatorTests.xctest */ = {isa = PBXFileReference; explicitFileType = wrapper.cfbundle; includeInIndex = 0; path = "Tip CalculatorTests.xctest"; sourceTree = BUILT_PRODUCTS_DIR; };
		305C87231E6694B100C0EF4E /* Tip_CalculatorTests.swift */ = {isa = PBXFileReference; lastKnownFileType = sourcecode.swift; path = Tip_CalculatorTests.swift; sourceTree = "<group>"; };
		305C87251E6694B100C0EF4E /* Info.plist */ = {isa = PBXFileReference; lastKnownFileType = text.plist.xml; path = Info.plist; sourceTree = "<group>"; };
		305C872A1E6694B100C0EF4E /* Tip CalculatorUITests.xctest */ = {isa = PBXFileReference; explicitFileType = wrapper.cfbundle; includeInIndex = 0; path = "Tip CalculatorUITests.xctest"; sourceTree = BUILT_PRODUCTS_DIR; };
		305C872E1E6694B100C0EF4E /* Tip_CalculatorUITests.swift */ = {isa = PBXFileReference; lastKnownFileType = sourcecode.swift; path = Tip_CalculatorUITests.swift; sourceTree = "<group>"; };
		305C87301E6694B100C0EF4E /* Info.plist */ = {isa = PBXFileReference; lastKnownFileType = text.plist.xml; path = Info.plist; sourceTree = "<group>"; };
/* End PBXFileReference section */

/* Begin PBXFrameworksBuildPhase section */
		305C87081E6694B100C0EF4E /* Frameworks */ = {
			isa = PBXFrameworksBuildPhase;
			buildActionMask = 2147483647;
			files = (
			);
			runOnlyForDeploymentPostprocessing = 0;
		};
		305C871C1E6694B100C0EF4E /* Frameworks */ = {
			isa = PBXFrameworksBuildPhase;
			buildActionMask = 2147483647;
			files = (
			);
			runOnlyForDeploymentPostprocessing = 0;
		};
		305C87271E6694B100C0EF4E /* Frameworks */ = {
			isa = PBXFrameworksBuildPhase;
			buildActionMask = 2147483647;
			files = (
			);
			runOnlyForDeploymentPostprocessing = 0;
		};
/* End PBXFrameworksBuildPhase section */

/* Begin PBXGroup section */
		305C87021E6694B100C0EF4E = {
			isa = PBXGroup;
			children = (
				305C870D1E6694B100C0EF4E /* Tip Calculator */,
				305C87221E6694B100C0EF4E /* Tip CalculatorTests */,
				305C872D1E6694B100C0EF4E /* Tip CalculatorUITests */,
				305C870C1E6694B100C0EF4E /* Products */,
			);
			sourceTree = "<group>";
		};
		305C870C1E6694B100C0EF4E /* Products */ = {
			isa = PBXGroup;
			children = (
				305C870B1E6694B100C0EF4E /* Tip Calculator.app */,
				305C871F1E6694B100C0EF4E /* Tip CalculatorTests.xctest */,
				305C872A1E6694B100C0EF4E /* Tip CalculatorUITests.xctest */,
			);
			name = Products;
			sourceTree = "<group>";
		};
		305C870D1E6694B100C0EF4E /* Tip Calculator */ = {
			isa = PBXGroup;
			children = (
				305C870E1E6694B100C0EF4E /* AppDelegate.swift */,
				305C87101E6694B100C0EF4E /* ViewController.swift */,
				305C87121E6694B100C0EF4E /* Main.storyboard */,
				305C87151E6694B100C0EF4E /* Assets.xcassets */,
				305C87171E6694B100C0EF4E /* LaunchScreen.storyboard */,
				305C871A1E6694B100C0EF4E /* Info.plist */,
			);
			path = "Tip Calculator";
			sourceTree = "<group>";
		};
		305C87221E6694B100C0EF4E /* Tip CalculatorTests */ = {
			isa = PBXGroup;
			children = (
				305C87231E6694B100C0EF4E /* Tip_CalculatorTests.swift */,
				305C87251E6694B100C0EF4E /* Info.plist */,
			);
			path = "Tip CalculatorTests";
			sourceTree = "<group>";
		};
		305C872D1E6694B100C0EF4E /* Tip CalculatorUITests */ = {
			isa = PBXGroup;
			children = (
				305C872E1E6694B100C0EF4E /* Tip_CalculatorUITests.swift */,
				305C87301E6694B100C0EF4E /* Info.plist */,
			);
			path = "Tip CalculatorUITests";
			sourceTree = "<group>";
		};
/* End PBXGroup section */

/* Begin PBXNativeTarget section */
		305C870A1E6694B100C0EF4E /* Tip Calculator */ = {
			isa = PBXNativeTarget;
			buildConfigurationList = 305C87331E6694B100C0EF4E /* Build configuration list for PBXNativeTarget "Tip Calculator" */;
			buildPhases = (
				305C87071E6694B100C0EF4E /* Sources */,
				305C87081E6694B100C0EF4E /* Frameworks */,
				305C87091E6694B100C0EF4E /* Resources */,
			);
			buildRules = (
			);
			dependencies = (
			);
			name = "Tip Calculator";
			productName = "Tip Calculator";
			productReference = 305C870B1E6694B100C0EF4E /* Tip Calculator.app */;
			productType = "com.apple.product-type.application";
		};
		305C871E1E6694B100C0EF4E /* Tip CalculatorTests */ = {
			isa = PBXNativeTarget;
			buildConfigurationList = 305C87361E6694B100C0EF4E /* Build configuration list for PBXNativeTarget "Tip CalculatorTests" */;
			buildPhases = (
				305C871B1E6694B100C0EF4E /* Sources */,
				305C871C1E6694B100C0EF4E /* Frameworks */,
				305C871D1E6694B100C0EF4E /* Resources */,
			);
			buildRules = (
			);
			dependencies = (
				305C87211E6694B100C0EF4E /* PBXTargetDependency */,
			);
			name = "Tip CalculatorTests";
			productName = "Tip CalculatorTests";
			productReference = 305C871F1E6694B100C0EF4E /* Tip CalculatorTests.xctest */;
			productType = "com.apple.product-type.bundle.unit-test";
		};
		305C87291E6694B100C0EF4E /* Tip CalculatorUITests */ = {
			isa = PBXNativeTarget;
			buildConfigurationList = 305C87391E6694B100C0EF4E /* Build configuration list for PBXNativeTarget "Tip CalculatorUITests" */;
			buildPhases = (
				305C87261E6694B100C0EF4E /* Sources */,
				305C87271E6694B100C0EF4E /* Frameworks */,
				305C87281E6694B100C0EF4E /* Resources */,
			);
			buildRules = (
			);
			dependencies = (
				305C872C1E6694B100C0EF4E /* PBXTargetDependency */,
			);
			name = "Tip CalculatorUITests";
			productName = "Tip CalculatorUITests";
			productReference = 305C872A1E6694B100C0EF4E /* Tip CalculatorUITests.xctest */;
			productType = "com.apple.product-type.bundle.ui-testing";
		};
/* End PBXNativeTarget section */

/* Begin PBXProject section */
		305C87031E6694B100C0EF4E /* Project object */ = {
			isa = PBXProject;
			attributes = {
				LastSwiftUpdateCheck = 0810;
				LastUpgradeCheck = 0810;
				ORGANIZATIONNAME = "Janet Zhang";
				TargetAttributes = {
					305C870A1E6694B100C0EF4E = {
						CreatedOnToolsVersion = 8.1;
						ProvisioningStyle = Automatic;
					};
					305C871E1E6694B100C0EF4E = {
						CreatedOnToolsVersion = 8.1;
						ProvisioningStyle = Automatic;
						TestTargetID = 305C870A1E6694B100C0EF4E;
					};
					305C87291E6694B100C0EF4E = {
						CreatedOnToolsVersion = 8.1;
						ProvisioningStyle = Automatic;
						TestTargetID = 305C870A1E6694B100C0EF4E;
					};
				};
			};
			buildConfigurationList = 305C87061E6694B100C0EF4E /* Build configuration list for PBXProject "Tip Calculator" */;
			compatibilityVersion = "Xcode 3.2";
			developmentRegion = English;
			hasScannedForEncodings = 0;
			knownRegions = (
				en,
				Base,
			);
			mainGroup = 305C87021E6694B100C0EF4E;
			productRefGroup = 305C870C1E6694B100C0EF4E /* Products */;
			projectDirPath = "";
			projectRoot = "";
			targets = (
				305C870A1E6694B100C0EF4E /* Tip Calculator */,
				305C871E1E6694B100C0EF4E /* Tip CalculatorTests */,
				305C87291E6694B100C0EF4E /* Tip CalculatorUITests */,
			);
		};
/* End PBXProject section */

/* Begin PBXResourcesBuildPhase section */
		305C87091E6694B100C0EF4E /* Resources */ = {
			isa = PBXResourcesBuildPhase;
			buildActionMask = 2147483647;
			files = (
				305C87191E6694B100C0EF4E /* LaunchScreen.storyboard in Resources */,
				305C87161E6694B100C0EF4E /* Assets.xcassets in Resources */,
				305C87141E6694B100C0EF4E /* Main.storyboard in Resources */,
			);
			runOnlyForDeploymentPostprocessing = 0;
		};
		305C871D1E6694B100C0EF4E /* Resources */ = {
			isa = PBXResourcesBuildPhase;
			buildActionMask = 2147483647;
			files = (
			);
			runOnlyForDeploymentPostprocessing = 0;
		};
		305C87281E6694B100C0EF4E /* Resources */ = {
			isa = PBXResourcesBuildPhase;
			buildActionMask = 2147483647;
			files = (
			);
			runOnlyForDeploymentPostprocessing = 0;
		};
/* End PBXResourcesBuildPhase section */

/* Begin PBXSourcesBuildPhase section */
		305C87071E6694B100C0EF4E /* Sources */ = {
			isa = PBXSourcesBuildPhase;
			buildActionMask = 2147483647;
			files = (
				305C87111E6694B100C0EF4E /* ViewController.swift in Sources */,
				305C870F1E6694B100C0EF4E /* AppDelegate.swift in Sources */,
			);
			runOnlyForDeploymentPostprocessing = 0;
		};
		305C871B1E6694B100C0EF4E /* Sources */ = {
			isa = PBXSourcesBuildPhase;
			buildActionMask = 2147483647;
			files = (
				305C87241E6694B100C0EF4E /* Tip_CalculatorTests.swift in Sources */,
			);
			runOnlyForDeploymentPostprocessing = 0;
		};
		305C87261E6694B100C0EF4E /* Sources */ = {
			isa = PBXSourcesBuildPhase;
			buildActionMask = 2147483647;
			files = (
				305C872F1E6694B100C0EF4E /* Tip_CalculatorUITests.swift in Sources */,
			);
			runOnlyForDeploymentPostprocessing = 0;
		};
/* End PBXSourcesBuildPhase section */

/* Begin PBXTargetDependency section */
		305C87211E6694B100C0EF4E /* PBXTargetDependency */ = {
			isa = PBXTargetDependency;
			target = 305C870A1E6694B100C0EF4E /* Tip Calculator */;
			targetProxy = 305C87201E6694B100C0EF4E /* PBXContainerItemProxy */;
		};
		305C872C1E6694B100C0EF4E /* PBXTargetDependency */ = {
			isa = PBXTargetDependency;
			target = 305C870A1E6694B100C0EF4E /* Tip Calculator */;
			targetProxy = 305C872B1E6694B100C0EF4E /* PBXContainerItemProxy */;
		};
/* End PBXTargetDependency section */

/* Begin PBXVariantGroup section */
		305C87121E6694B100C0EF4E /* Main.storyboard */ = {
			isa = PBXVariantGroup;
			children = (
				305C87131E6694B100C0EF4E /* Base */,
			);
			name = Main.storyboard;
			sourceTree = "<group>";
		};
		305C87171E6694B100C0EF4E /* LaunchScreen.storyboard */ = {
			isa = PBXVariantGroup;
			children = (
				305C87181E6694B100C0EF4E /* Base */,
			);
			name = LaunchScreen.storyboard;
			sourceTree = "<group>";
		};
/* End PBXVariantGroup section */

/* Begin XCBuildConfiguration section */
		305C87311E6694B100C0EF4E /* Debug */ = {
			isa = XCBuildConfiguration;
			buildSettings = {
				ALWAYS_SEARCH_USER_PATHS = NO;
				CLANG_ANALYZER_NONNULL = YES;
				CLANG_CXX_LANGUAGE_STANDARD = "gnu++0x";
				CLANG_CXX_LIBRARY = "libc++";
				CLANG_ENABLE_MODULES = YES;
				CLANG_ENABLE_OBJC_ARC = YES;
				CLANG_WARN_BOOL_CONVERSION = YES;
				CLANG_WARN_CONSTANT_CONVERSION = YES;
				CLANG_WARN_DIRECT_OBJC_ISA_USAGE = YES_ERROR;
				CLANG_WARN_DOCUMENTATION_COMMENTS = YES;
				CLANG_WARN_EMPTY_BODY = YES;
				CLANG_WARN_ENUM_CONVERSION = YES;
				CLANG_WARN_INFINITE_RECURSION = YES;
				CLANG_WARN_INT_CONVERSION = YES;
				CLANG_WARN_OBJC_ROOT_CLASS = YES_ERROR;
				CLANG_WARN_SUSPICIOUS_MOVES = YES;
				CLANG_WARN_UNREACHABLE_CODE = YES;
				CLANG_WARN__DUPLICATE_METHOD_MATCH = YES;
				"CODE_SIGN_IDENTITY[sdk=iphoneos*]" = "iPhone Developer";
				COPY_PHASE_STRIP = NO;
				DEBUG_INFORMATION_FORMAT = dwarf;
				ENABLE_STRICT_OBJC_MSGSEND = YES;
				ENABLE_TESTABILITY = YES;
				GCC_C_LANGUAGE_STANDARD = gnu99;
				GCC_DYNAMIC_NO_PIC = NO;
				GCC_NO_COMMON_BLOCKS = YES;
				GCC_OPTIMIZATION_LEVEL = 0;
				GCC_PREPROCESSOR_DEFINITIONS = (
					"DEBUG=1",
					"$(inherited)",
				);
				GCC_WARN_64_TO_32_BIT_CONVERSION = YES;
				GCC_WARN_ABOUT_RETURN_TYPE = YES_ERROR;
				GCC_WARN_UNDECLARED_SELECTOR = YES;
				GCC_WARN_UNINITIALIZED_AUTOS = YES_AGGRESSIVE;
				GCC_WARN_UNUSED_FUNCTION = YES;
				GCC_WARN_UNUSED_VARIABLE = YES;
				IPHONEOS_DEPLOYMENT_TARGET = 10.1;
				MTL_ENABLE_DEBUG_INFO = YES;
				ONLY_ACTIVE_ARCH = YES;
				SDKROOT = iphoneos;
				SWIFT_ACTIVE_COMPILATION_CONDITIONS = DEBUG;
				SWIFT_OPTIMIZATION_LEVEL = "-Onone";
			};
			name = Debug;
		};
		305C87321E6694B100C0EF4E /* Release */ = {
			isa = XCBuildConfiguration;
			buildSettings = {
				ALWAYS_SEARCH_USER_PATHS = NO;
				CLANG_ANALYZER_NONNULL = YES;
				CLANG_CXX_LANGUAGE_STANDARD = "gnu++0x";
				CLANG_CXX_LIBRARY = "libc++";
				CLANG_ENABLE_MODULES = YES;
				CLANG_ENABLE_OBJC_ARC = YES;
				CLANG_WARN_BOOL_CONVERSION = YES;
				CLANG_WARN_CONSTANT_CONVERSION = YES;
				CLANG_WARN_DIRECT_OBJC_ISA_USAGE = YES_ERROR;
				CLANG_WARN_DOCUMENTATION_COMMENTS = YES;
				CLANG_WARN_EMPTY_BODY = YES;
				CLANG_WARN_ENUM_CONVERSION = YES;
				CLANG_WARN_INFINITE_RECURSION = YES;
				CLANG_WARN_INT_CONVERSION = YES;
				CLANG_WARN_OBJC_ROOT_CLASS = YES_ERROR;
				CLANG_WARN_SUSPICIOUS_MOVES = YES;
				CLANG_WARN_UNREACHABLE_CODE = YES;
				CLANG_WARN__DUPLICATE_METHOD_MATCH = YES;
				"CODE_SIGN_IDENTITY[sdk=iphoneos*]" = "iPhone Developer";
				COPY_PHASE_STRIP = NO;
				DEBUG_INFORMATION_FORMAT = "dwarf-with-dsym";
				ENABLE_NS_ASSERTIONS = NO;
				ENABLE_STRICT_OBJC_MSGSEND = YES;
				GCC_C_LANGUAGE_STANDARD = gnu99;
				GCC_NO_COMMON_BLOCKS = YES;
				GCC_WARN_64_TO_32_BIT_CONVERSION = YES;
				GCC_WARN_ABOUT_RETURN_TYPE = YES_ERROR;
				GCC_WARN_UNDECLARED_SELECTOR = YES;
				GCC_WARN_UNINITIALIZED_AUTOS = YES_AGGRESSIVE;
				GCC_WARN_UNUSED_FUNCTION = YES;
				GCC_WARN_UNUSED_VARIABLE = YES;
				IPHONEOS_DEPLOYMENT_TARGET = 10.1;
				MTL_ENABLE_DEBUG_INFO = NO;
				SDKROOT = iphoneos;
				SWIFT_OPTIMIZATION_LEVEL = "-Owholemodule";
				VALIDATE_PRODUCT = YES;
			};
			name = Release;
		};
		305C87341E6694B100C0EF4E /* Debug */ = {
			isa = XCBuildConfiguration;
			buildSettings = {
				ASSETCATALOG_COMPILER_APPICON_NAME = AppIcon;
				INFOPLIST_FILE = "Tip Calculator/Info.plist";
				LD_RUNPATH_SEARCH_PATHS = "$(inherited) @executable_path/Frameworks";
				PRODUCT_BUNDLE_IDENTIFIER = "treetree.Tip-Calculator";
				PRODUCT_NAME = "$(TARGET_NAME)";
				SWIFT_VERSION = 3.0;
			};
			name = Debug;
		};
		305C87351E6694B100C0EF4E /* Release */ = {
			isa = XCBuildConfiguration;
			buildSettings = {
				ASSETCATALOG_COMPILER_APPICON_NAME = AppIcon;
				INFOPLIST_FILE = "Tip Calculator/Info.plist";
				LD_RUNPATH_SEARCH_PATHS = "$(inherited) @executable_path/Frameworks";
				PRODUCT_BUNDLE_IDENTIFIER = "treetree.Tip-Calculator";
				PRODUCT_NAME = "$(TARGET_NAME)";
				SWIFT_VERSION = 3.0;
			};
			name = Release;
		};
		305C87371E6694B100C0EF4E /* Debug */ = {
			isa = XCBuildConfiguration;
			buildSettings = {
				ALWAYS_EMBED_SWIFT_STANDARD_LIBRARIES = YES;
				BUNDLE_LOADER = "$(TEST_HOST)";
				INFOPLIST_FILE = "Tip CalculatorTests/Info.plist";
				LD_RUNPATH_SEARCH_PATHS = "$(inherited) @executable_path/Frameworks @loader_path/Frameworks";
				PRODUCT_BUNDLE_IDENTIFIER = "treetree.Tip-CalculatorTests";
				PRODUCT_NAME = "$(TARGET_NAME)";
				SWIFT_VERSION = 3.0;
				TEST_HOST = "$(BUILT_PRODUCTS_DIR)/Tip Calculator.app/Tip Calculator";
			};
			name = Debug;
		};
		305C87381E6694B100C0EF4E /* Release */ = {
			isa = XCBuildConfiguration;
			buildSettings = {
				ALWAYS_EMBED_SWIFT_STANDARD_LIBRARIES = YES;
				BUNDLE_LOADER = "$(TEST_HOST)";
				INFOPLIST_FILE = "Tip CalculatorTests/Info.plist";
				LD_RUNPATH_SEARCH_PATHS = "$(inherited) @executable_path/Frameworks @loader_path/Frameworks";
				PRODUCT_BUNDLE_IDENTIFIER = "treetree.Tip-CalculatorTests";
				PRODUCT_NAME = "$(TARGET_NAME)";
				SWIFT_VERSION = 3.0;
				TEST_HOST = "$(BUILT_PRODUCTS_DIR)/Tip Calculator.app/Tip Calculator";
			};
			name = Release;
		};
		305C873A1E6694B100C0EF4E /* Debug */ = {
			isa = XCBuildConfiguration;
			buildSettings = {
				ALWAYS_EMBED_SWIFT_STANDARD_LIBRARIES = YES;
				INFOPLIST_FILE = "Tip CalculatorUITests/Info.plist";
				LD_RUNPATH_SEARCH_PATHS = "$(inherited) @executable_path/Frameworks @loader_path/Frameworks";
				PRODUCT_BUNDLE_IDENTIFIER = "treetree.Tip-CalculatorUITests";
				PRODUCT_NAME = "$(TARGET_NAME)";
				SWIFT_VERSION = 3.0;
				TEST_TARGET_NAME = "Tip Calculator";
			};
			name = Debug;
		};
		305C873B1E6694B100C0EF4E /* Release */ = {
			isa = XCBuildConfiguration;
			buildSettings = {
				ALWAYS_EMBED_SWIFT_STANDARD_LIBRARIES = YES;
				INFOPLIST_FILE = "Tip CalculatorUITests/Info.plist";
				LD_RUNPATH_SEARCH_PATHS = "$(inherited) @executable_path/Frameworks @loader_path/Frameworks";
				PRODUCT_BUNDLE_IDENTIFIER = "treetree.Tip-CalculatorUITests";
				PRODUCT_NAME = "$(TARGET_NAME)";
				SWIFT_VERSION = 3.0;
				TEST_TARGET_NAME = "Tip Calculator";
			};
			name = Release;
		};
/* End XCBuildConfiguration section */

/* Begin XCConfigurationList section */
		305C87061E6694B100C0EF4E /* Build configuration list for PBXProject "Tip Calculator" */ = {
			isa = XCConfigurationList;
			buildConfigurations = (
				305C87311E6694B100C0EF4E /* Debug */,
				305C87321E6694B100C0EF4E /* Release */,
			);
			defaultConfigurationIsVisible = 0;
			defaultConfigurationName = Release;
		};
		305C87331E6694B100C0EF4E /* Build configuration list for PBXNativeTarget "Tip Calculator" */ = {
			isa = XCConfigurationList;
			buildConfigurations = (
				305C87341E6694B100C0EF4E /* Debug */,
				305C87351E6694B100C0EF4E /* Release */,
			);
			defaultConfigurationIsVisible = 0;
		};
		305C87361E6694B100C0EF4E /* Build configuration list for PBXNativeTarget "Tip CalculatorTests" */ = {
			isa = XCConfigurationList;
			buildConfigurations = (
				305C87371E6694B100C0EF4E /* Debug */,
				305C87381E6694B100C0EF4E /* Release */,
			);
			defaultConfigurationIsVisible = 0;
		};
		305C87391E6694B100C0EF4E /* Build configuration list for PBXNativeTarget "Tip CalculatorUITests" */ = {
			isa = XCConfigurationList;
			buildConfigurations = (
				305C873A1E6694B100C0EF4E /* Debug */,
				305C873B1E6694B100C0EF4E /* Release */,
			);
			defaultConfigurationIsVisible = 0;
		};
/* End XCConfigurationList section */
	};
	rootObject = 305C87031E6694B100C0EF4E /* Project object */;
}
